
Microsoft Visual Studio Solution File, Format Version 12.00
# Visual Studio Version 17
VisualStudioVersion = 17.8.34309.116
MinimumVisualStudioVersion = 10.0.40219.1
Project("{8BC9CEB8-8B4A-11D0-8D11-00A0C91BC942}") = "WIN32Timer", "Project1\Project1.vcxproj", "{C2897096-93EF-4F4C-828E-FEE70C053963}"
EndProject
Project("{8BC9CEB8-8B4A-11D0-8D11-00A0C91BC942}") = "addmt", "addmt\addmt.vcxproj", "{5FADDD62-61E6-4816-940E-F7CB0784577B}"
EndProject
Global
	GlobalSection(SolutionConfigurationPlatforms) = preSolution
		Debug|x64 = Debug|x64
		Debug|x86 = Debug|x86
		Release|x64 = Release|x64
		Release|x86 = Release|x86
	EndGlobalSection
	GlobalSection(ProjectConfigurationPlatforms) = postSolution
		{C2897096-93EF-4F4C-828E-FEE70C053963}.Debug|x64.ActiveCfg = Debug|x64
		{C2897096-93EF-4F4C-828E-FEE70C053963}.Debug|x64.Build.0 = Debug|x64
		{C2897096-93EF-4F4C-828E-FEE70C053963}.Debug|x86.ActiveCfg = Debug|Win32
		{C2897096-93EF-4F4C-828E-FEE70C053963}.Debug|x86.Build.0 = Debug|Win32
		{C2897096-93EF-4F4C-828E-FEE70C053963}.Release|x64.ActiveCfg = Release|x64
		{C2897096-93EF-4F4C-828E-FEE70C053963}.Release|x64.Build.0 = Release|x64
		{C2897096-93EF-4F4C-828E-FEE70C053963}.Release|x86.ActiveCfg = Release|Win32
		{C2897096-93EF-4F4C-828E-FEE70C053963}.Release|x86.Build.0 = Release|Win32
		{5FADDD62-61E6-4816-940E-F7CB0784577B}.Debug|x64.ActiveCfg = Debug|x64
		{5FADDD62-61E6-4816-940E-F7CB0784577B}.Debug|x64.Build.0 = Debug|x64
		{5FADDD62-61E6-4816-940E-F7CB0784577B}.Debug|x86.ActiveCfg = Debug|Win32
		{5FADDD62-61E6-4816-940E-F7CB0784577B}.Debug|x86.Build.0 = Debug|Win32
		{5FADDD62-61E6-4816-940E-F7CB0784577B}.Release|x64.ActiveCfg = Release|x64
		{5FADDD62-61E6-4816-940E-F7CB0784577B}.Release|x64.Build.0 = Release|x64
		{5FADDD62-61E6-4816-940E-F7CB0784577B}.Release|x86.ActiveCfg = Release|Win32
		{5FADDD62-61E6-4816-940E-F7CB0784577B}.Release|x86.Build.0 = Release|Win32
	EndGlobalSection
	GlobalSection(SolutionProperties) = preSolution
		HideSolutionNode = FALSE
	EndGlobalSection
	GlobalSection(ExtensibilityGlobals) = postSolution
		SolutionGuid = {CBEF24BB-22E5-4634-AA3C-8C658634BA57}
	EndGlobalSection
EndGlobal
